
Microsoft Visual Studio Solution File, Format Version 12.00
Project("{FAE04EC0-301F-11D3-BF4B-00C04F79EFBC}") = "d20pfsrd_web_scraper", "d20pfsrd_web_scraper\d20pfsrd_web_scraper.csproj", "{35EE3067-BC7D-4354-A99B-6A27DDAD648F}"
EndProject
Global
	GlobalSection(SolutionConfigurationPlatforms) = preSolution
		Debug|Any CPU = Debug|Any CPU
		Release|Any CPU = Release|Any CPU
	EndGlobalSection
	GlobalSection(ProjectConfigurationPlatforms) = postSolution
		{35EE3067-BC7D-4354-A99B-6A27DDAD648F}.Debug|Any CPU.ActiveCfg = Debug|Any CPU
		{35EE3067-BC7D-4354-A99B-6A27DDAD648F}.Debug|Any CPU.Build.0 = Debug|Any CPU
		{35EE3067-BC7D-4354-A99B-6A27DDAD648F}.Release|Any CPU.ActiveCfg = Release|Any CPU
		{35EE3067-BC7D-4354-A99B-6A27DDAD648F}.Release|Any CPU.Build.0 = Release|Any CPU
	EndGlobalSection
EndGlobal
